
Microsoft Visual Studio Solution File, Format Version 12.00
# Visual Studio 15
VisualStudioVersion = 15.0.28307.1062
MinimumVisualStudioVersion = 10.0.40219.1
Project("{8BC9CEB8-8B4A-11D0-8D11-00A0C91BC942}") = "poker-game-24", "poker-game-24\poker-game-24.vcxproj", "{A59B99DD-F0DB-45BE-BEF9-DB641A9BCEC3}"
EndProject
Project("{8BC9CEB8-8B4A-11D0-8D11-00A0C91BC942}") = "building-scape", "building-scape\building-scape.vcxproj", "{B449C4CB-9F6D-43E6-81E1-A410498EC281}"
EndProject
Project("{8BC9CEB8-8B4A-11D0-8D11-00A0C91BC942}") = "quick-find-kth", "quick-find-kth\quick-find-kth.vcxproj", "{9D6FB9B9-222E-486E-B6BD-7E137538000F}"
EndProject
Project("{8BC9CEB8-8B4A-11D0-8D11-00A0C91BC942}") = "sort", "sort\sort.vcxproj", "{6D1E5F58-3499-4B0D-B114-045E8C3BF578}"
EndProject
Project("{8BC9CEB8-8B4A-11D0-8D11-00A0C91BC942}") = "find-number", "find-number\find-number.vcxproj", "{E575A317-B327-470C-AB30-AC311328F2A2}"
EndProject
Project("{8BC9CEB8-8B4A-11D0-8D11-00A0C91BC942}") = "multi-thread", "multi-thread\multi-thread.vcxproj", "{BE1E69FC-C7A4-47E3-BA36-DD76CBE849F4}"
EndProject
Project("{8BC9CEB8-8B4A-11D0-8D11-00A0C91BC942}") = "build-queue-with-2stack", "build-queue-with-2stack\build-queue-with-2stack.vcxproj", "{E62D2929-9915-40FE-8FC6-E0C72AE43BF1}"
EndProject
Project("{8BC9CEB8-8B4A-11D0-8D11-00A0C91BC942}") = "big-number-sum", "big-number-sum\big-number-sum.vcxproj", "{F014D190-4D91-40C0-92B6-44BB4AC1FA3C}"
EndProject
Global
	GlobalSection(SolutionConfigurationPlatforms) = preSolution
		Debug|x64 = Debug|x64
		Debug|x86 = Debug|x86
		Release|x64 = Release|x64
		Release|x86 = Release|x86
	EndGlobalSection
	GlobalSection(ProjectConfigurationPlatforms) = postSolution
		{A59B99DD-F0DB-45BE-BEF9-DB641A9BCEC3}.Debug|x64.ActiveCfg = Debug|x64
		{A59B99DD-F0DB-45BE-BEF9-DB641A9BCEC3}.Debug|x64.Build.0 = Debug|x64
		{A59B99DD-F0DB-45BE-BEF9-DB641A9BCEC3}.Debug|x86.ActiveCfg = Debug|Win32
		{A59B99DD-F0DB-45BE-BEF9-DB641A9BCEC3}.Debug|x86.Build.0 = Debug|Win32
		{A59B99DD-F0DB-45BE-BEF9-DB641A9BCEC3}.Release|x64.ActiveCfg = Release|x64
		{A59B99DD-F0DB-45BE-BEF9-DB641A9BCEC3}.Release|x64.Build.0 = Release|x64
		{A59B99DD-F0DB-45BE-BEF9-DB641A9BCEC3}.Release|x86.ActiveCfg = Release|Win32
		{A59B99DD-F0DB-45BE-BEF9-DB641A9BCEC3}.Release|x86.Build.0 = Release|Win32
		{B449C4CB-9F6D-43E6-81E1-A410498EC281}.Debug|x64.ActiveCfg = Debug|x64
		{B449C4CB-9F6D-43E6-81E1-A410498EC281}.Debug|x64.Build.0 = Debug|x64
		{B449C4CB-9F6D-43E6-81E1-A410498EC281}.Debug|x86.ActiveCfg = Debug|Win32
		{B449C4CB-9F6D-43E6-81E1-A410498EC281}.Debug|x86.Build.0 = Debug|Win32
		{B449C4CB-9F6D-43E6-81E1-A410498EC281}.Release|x64.ActiveCfg = Release|x64
		{B449C4CB-9F6D-43E6-81E1-A410498EC281}.Release|x64.Build.0 = Release|x64
		{B449C4CB-9F6D-43E6-81E1-A410498EC281}.Release|x86.ActiveCfg = Release|Win32
		{B449C4CB-9F6D-43E6-81E1-A410498EC281}.Release|x86.Build.0 = Release|Win32
		{9D6FB9B9-222E-486E-B6BD-7E137538000F}.Debug|x64.ActiveCfg = Debug|x64
		{9D6FB9B9-222E-486E-B6BD-7E137538000F}.Debug|x64.Build.0 = Debug|x64
		{9D6FB9B9-222E-486E-B6BD-7E137538000F}.Debug|x86.ActiveCfg = Debug|Win32
		{9D6FB9B9-222E-486E-B6BD-7E137538000F}.Debug|x86.Build.0 = Debug|Win32
		{9D6FB9B9-222E-486E-B6BD-7E137538000F}.Release|x64.ActiveCfg = Release|x64
		{9D6FB9B9-222E-486E-B6BD-7E137538000F}.Release|x64.Build.0 = Release|x64
		{9D6FB9B9-222E-486E-B6BD-7E137538000F}.Release|x86.ActiveCfg = Release|Win32
		{9D6FB9B9-222E-486E-B6BD-7E137538000F}.Release|x86.Build.0 = Release|Win32
		{6D1E5F58-3499-4B0D-B114-045E8C3BF578}.Debug|x64.ActiveCfg = Debug|x64
		{6D1E5F58-3499-4B0D-B114-045E8C3BF578}.Debug|x64.Build.0 = Debug|x64
		{6D1E5F58-3499-4B0D-B114-045E8C3BF578}.Debug|x86.ActiveCfg = Debug|Win32
		{6D1E5F58-3499-4B0D-B114-045E8C3BF578}.Debug|x86.Build.0 = Debug|Win32
		{6D1E5F58-3499-4B0D-B114-045E8C3BF578}.Release|x64.ActiveCfg = Release|x64
		{6D1E5F58-3499-4B0D-B114-045E8C3BF578}.Release|x64.Build.0 = Release|x64
		{6D1E5F58-3499-4B0D-B114-045E8C3BF578}.Release|x86.ActiveCfg = Release|Win32
		{6D1E5F58-3499-4B0D-B114-045E8C3BF578}.Release|x86.Build.0 = Release|Win32
		{E575A317-B327-470C-AB30-AC311328F2A2}.Debug|x64.ActiveCfg = Debug|x64
		{E575A317-B327-470C-AB30-AC311328F2A2}.Debug|x64.Build.0 = Debug|x64
		{E575A317-B327-470C-AB30-AC311328F2A2}.Debug|x86.ActiveCfg = Debug|Win32
		{E575A317-B327-470C-AB30-AC311328F2A2}.Debug|x86.Build.0 = Debug|Win32
		{E575A317-B327-470C-AB30-AC311328F2A2}.Release|x64.ActiveCfg = Release|x64
		{E575A317-B327-470C-AB30-AC311328F2A2}.Release|x64.Build.0 = Release|x64
		{E575A317-B327-470C-AB30-AC311328F2A2}.Release|x86.ActiveCfg = Release|Win32
		{E575A317-B327-470C-AB30-AC311328F2A2}.Release|x86.Build.0 = Release|Win32
		{BE1E69FC-C7A4-47E3-BA36-DD76CBE849F4}.Debug|x64.ActiveCfg = Debug|x64
		{BE1E69FC-C7A4-47E3-BA36-DD76CBE849F4}.Debug|x64.Build.0 = Debug|x64
		{BE1E69FC-C7A4-47E3-BA36-DD76CBE849F4}.Debug|x86.ActiveCfg = Debug|Win32
		{BE1E69FC-C7A4-47E3-BA36-DD76CBE849F4}.Debug|x86.Build.0 = Debug|Win32
		{BE1E69FC-C7A4-47E3-BA36-DD76CBE849F4}.Release|x64.ActiveCfg = Release|x64
		{BE1E69FC-C7A4-47E3-BA36-DD76CBE849F4}.Release|x64.Build.0 = Release|x64
		{BE1E69FC-C7A4-47E3-BA36-DD76CBE849F4}.Release|x86.ActiveCfg = Release|Win32
		{BE1E69FC-C7A4-47E3-BA36-DD76CBE849F4}.Release|x86.Build.0 = Release|Win32
		{E62D2929-9915-40FE-8FC6-E0C72AE43BF1}.Debug|x64.ActiveCfg = Debug|x64
		{E62D2929-9915-40FE-8FC6-E0C72AE43BF1}.Debug|x64.Build.0 = Debug|x64
		{E62D2929-9915-40FE-8FC6-E0C72AE43BF1}.Debug|x86.ActiveCfg = Debug|Win32
		{E62D2929-9915-40FE-8FC6-E0C72AE43BF1}.Debug|x86.Build.0 = Debug|Win32
		{E62D2929-9915-40FE-8FC6-E0C72AE43BF1}.Release|x64.ActiveCfg = Release|x64
		{E62D2929-9915-40FE-8FC6-E0C72AE43BF1}.Release|x64.Build.0 = Release|x64
		{E62D2929-9915-40FE-8FC6-E0C72AE43BF1}.Release|x86.ActiveCfg = Release|Win32
		{E62D2929-9915-40FE-8FC6-E0C72AE43BF1}.Release|x86.Build.0 = Release|Win32
		{F014D190-4D91-40C0-92B6-44BB4AC1FA3C}.Debug|x64.ActiveCfg = Debug|x64
		{F014D190-4D91-40C0-92B6-44BB4AC1FA3C}.Debug|x64.Build.0 = Debug|x64
		{F014D190-4D91-40C0-92B6-44BB4AC1FA3C}.Debug|x86.ActiveCfg = Debug|Win32
		{F014D190-4D91-40C0-92B6-44BB4AC1FA3C}.Debug|x86.Build.0 = Debug|Win32
		{F014D190-4D91-40C0-92B6-44BB4AC1FA3C}.Release|x64.ActiveCfg = Release|x64
		{F014D190-4D91-40C0-92B6-44BB4AC1FA3C}.Release|x64.Build.0 = Release|x64
		{F014D190-4D91-40C0-92B6-44BB4AC1FA3C}.Release|x86.ActiveCfg = Release|Win32
		{F014D190-4D91-40C0-92B6-44BB4AC1FA3C}.Release|x86.Build.0 = Release|Win32
	EndGlobalSection
	GlobalSection(SolutionProperties) = preSolution
		HideSolutionNode = FALSE
	EndGlobalSection
	GlobalSection(ExtensibilityGlobals) = postSolution
		SolutionGuid = {80B56025-F82B-4261-82D1-04E051315491}
	EndGlobalSection
EndGlobal
